
Microsoft Visual Studio Solution File, Format Version 12.00
# Visual Studio Version 17
VisualStudioVersion = 17.4.33205.214
MinimumVisualStudioVersion = 10.0.40219.1
Project("{FAE04EC0-301F-11D3-BF4B-00C04F79EFBC}") = "lab3", "lab3.csproj", "{52649227-B605-434C-A190-70E58B8D1AFF}"
EndProject
Global
	GlobalSection(SolutionConfigurationPlatforms) = preSolution
		Debug|Any CPU = Debug|Any CPU
		Release|Any CPU = Release|Any CPU
	EndGlobalSection
	GlobalSection(ProjectConfigurationPlatforms) = postSolution
		{52649227-B605-434C-A190-70E58B8D1AFF}.Debug|Any CPU.ActiveCfg = Debug|Any CPU
		{52649227-B605-434C-A190-70E58B8D1AFF}.Debug|Any CPU.Build.0 = Debug|Any CPU
		{52649227-B605-434C-A190-70E58B8D1AFF}.Release|Any CPU.ActiveCfg = Release|Any CPU
		{52649227-B605-434C-A190-70E58B8D1AFF}.Release|Any CPU.Build.0 = Release|Any CPU
	EndGlobalSection
	GlobalSection(SolutionProperties) = preSolution
		HideSolutionNode = FALSE
	EndGlobalSection
	GlobalSection(ExtensibilityGlobals) = postSolution
		SolutionGuid = {958DF300-6593-47EE-B350-4F1E730D7A03}
	EndGlobalSection
EndGlobal
