
Microsoft Visual Studio Solution File, Format Version 12.00
# Visual Studio Version 17
VisualStudioVersion = 17.7.34031.279
MinimumVisualStudioVersion = 10.0.40219.1
Project("{FAE04EC0-301F-11D3-BF4B-00C04F79EFBC}") = "PWS_6_client", "PWS_6_client\PWS_6_client.csproj", "{D96F8F17-034E-4F3D-A4F2-32586F6964FA}"
EndProject
Project("{FAE04EC0-301F-11D3-BF4B-00C04F79EFBC}") = "MVC", "MVC\MVC.csproj", "{1F47117B-838F-4741-9880-96290BC5182A}"
EndProject
Global
	GlobalSection(SolutionConfigurationPlatforms) = preSolution
		Debug|Any CPU = Debug|Any CPU
		Release|Any CPU = Release|Any CPU
	EndGlobalSection
	GlobalSection(ProjectConfigurationPlatforms) = postSolution
		{D96F8F17-034E-4F3D-A4F2-32586F6964FA}.Debug|Any CPU.ActiveCfg = Debug|Any CPU
		{D96F8F17-034E-4F3D-A4F2-32586F6964FA}.Debug|Any CPU.Build.0 = Debug|Any CPU
		{D96F8F17-034E-4F3D-A4F2-32586F6964FA}.Release|Any CPU.ActiveCfg = Release|Any CPU
		{D96F8F17-034E-4F3D-A4F2-32586F6964FA}.Release|Any CPU.Build.0 = Release|Any CPU
		{1F47117B-838F-4741-9880-96290BC5182A}.Debug|Any CPU.ActiveCfg = Debug|Any CPU
		{1F47117B-838F-4741-9880-96290BC5182A}.Debug|Any CPU.Build.0 = Debug|Any CPU
		{1F47117B-838F-4741-9880-96290BC5182A}.Release|Any CPU.ActiveCfg = Release|Any CPU
		{1F47117B-838F-4741-9880-96290BC5182A}.Release|Any CPU.Build.0 = Release|Any CPU
	EndGlobalSection
	GlobalSection(SolutionProperties) = preSolution
		HideSolutionNode = FALSE
	EndGlobalSection
	GlobalSection(ExtensibilityGlobals) = postSolution
		SolutionGuid = {8D9731BB-6E87-42A0-A0BE-7E69ED74D7D6}
	EndGlobalSection
EndGlobal
