
Microsoft Visual Studio Solution File, Format Version 12.00
# Visual Studio 15
VisualStudioVersion = 15.0.28307.1267
MinimumVisualStudioVersion = 10.0.40219.1
Project("{FAE04EC0-301F-11D3-BF4B-00C04F79EFBC}") = "PWS_7", "PWS_7\PWS_7.csproj", "{432A1AFE-22E0-4342-A900-C032B062FE18}"
EndProject
Project("{FAE04EC0-301F-11D3-BF4B-00C04F79EFBC}") = "PWS_7_Host", "PWS_7_Host\PWS_7_Host.csproj", "{8C6971FC-055A-4BF8-B043-F062F92DA2D4}"
EndProject
Project("{FAE04EC0-301F-11D3-BF4B-00C04F79EFBC}") = "PWS_7_form", "PWS_7_form\PWS_7_form.csproj", "{DF02D02D-FD9F-4E93-9A4D-C05F11C689D5}"
EndProject
Global
	GlobalSection(SolutionConfigurationPlatforms) = preSolution
		Debug|Any CPU = Debug|Any CPU
		Release|Any CPU = Release|Any CPU
	EndGlobalSection
	GlobalSection(ProjectConfigurationPlatforms) = postSolution
		{432A1AFE-22E0-4342-A900-C032B062FE18}.Debug|Any CPU.ActiveCfg = Debug|Any CPU
		{432A1AFE-22E0-4342-A900-C032B062FE18}.Debug|Any CPU.Build.0 = Debug|Any CPU
		{432A1AFE-22E0-4342-A900-C032B062FE18}.Release|Any CPU.ActiveCfg = Release|Any CPU
		{432A1AFE-22E0-4342-A900-C032B062FE18}.Release|Any CPU.Build.0 = Release|Any CPU
		{8C6971FC-055A-4BF8-B043-F062F92DA2D4}.Debug|Any CPU.ActiveCfg = Debug|Any CPU
		{8C6971FC-055A-4BF8-B043-F062F92DA2D4}.Debug|Any CPU.Build.0 = Debug|Any CPU
		{8C6971FC-055A-4BF8-B043-F062F92DA2D4}.Release|Any CPU.ActiveCfg = Release|Any CPU
		{8C6971FC-055A-4BF8-B043-F062F92DA2D4}.Release|Any CPU.Build.0 = Release|Any CPU
		{DF02D02D-FD9F-4E93-9A4D-C05F11C689D5}.Debug|Any CPU.ActiveCfg = Debug|Any CPU
		{DF02D02D-FD9F-4E93-9A4D-C05F11C689D5}.Debug|Any CPU.Build.0 = Debug|Any CPU
		{DF02D02D-FD9F-4E93-9A4D-C05F11C689D5}.Release|Any CPU.ActiveCfg = Release|Any CPU
		{DF02D02D-FD9F-4E93-9A4D-C05F11C689D5}.Release|Any CPU.Build.0 = Release|Any CPU
	EndGlobalSection
	GlobalSection(SolutionProperties) = preSolution
		HideSolutionNode = FALSE
	EndGlobalSection
	GlobalSection(ExtensibilityGlobals) = postSolution
		SolutionGuid = {71EDF869-E812-4E7D-9715-F7E1FBA1F276}
	EndGlobalSection
EndGlobal
